<?xml version="1.0" encoding="utf-8"?>
<Project ToolsVersion="4.0" xmlns="http://schemas.microsoft.com/developer/msbuild/2003">
  <ItemGroup>
    <ClCompile Include="..\src\GameManage\BaseMainManage.cpp" />
    <ClCompile Include="..\src\GameManage\GameDataBaseHandle.cpp" />
    <ClCompile Include="..\src\GameManage\GameDesk.cpp" />
    <ClCompile Include="..\src\GameManage\GameMainManage.cpp" />
    <ClCompile Include="..\src\GameManage\gameUserManage.cpp" />
    <ClCompile Include="..\src\jemalloc\jemalloc_cpp.cpp" />
  </ItemGroup>
  <ItemGroup>
    <ClInclude Include="..\src\include\ServerCommon\BaseMainManage.h" />
    <ClInclude Include="..\src\include\ServerCommon\GameDataBaseHandle.h" />
    <ClInclude Include="..\src\include\ServerCommon\GameDesk.h" />
    <ClInclude Include="..\src\include\ServerCommon\GameMainManage.h" />
    <ClInclude Include="..\src\include\ServerCommon\gameUserManage.h" />
  </ItemGroup>
</Project>