<?xml version="1.0" encoding="utf-8"?>
<Project ToolsVersion="4.0" xmlns="http://schemas.microsoft.com/developer/msbuild/2003">
  <ItemGroup>
    <Filter Include="工具类">
      <UniqueIdentifier>{86502f11-e30d-4372-ab46-dfd7956b46ac}</UniqueIdentifier>
    </Filter>
    <Filter Include="公共定义">
      <UniqueIdentifier>{129512a9-99c3-413c-bb91-ea62b4a53114}</UniqueIdentifier>
    </Filter>
    <Filter Include="协议模块">
      <UniqueIdentifier>{59eaf148-c979-40e6-852e-f07878102d5c}</UniqueIdentifier>
    </Filter>
    <Filter Include="数据流水">
      <UniqueIdentifier>{79a7d7c6-4948-4957-85d5-d00b5f743da4}</UniqueIdentifier>
    </Filter>
    <Filter Include="Redis模块">
      <UniqueIdentifier>{cd6b8d03-1510-498a-bc4e-5411c4bee896}</UniqueIdentifier>
    </Filter>
    <Filter Include="加密工具">
      <UniqueIdentifier>{9f8b593c-cdd6-437d-b468-d6e166871f1f}</UniqueIdentifier>
    </Filter>
    <Filter Include="HttpClient">
      <UniqueIdentifier>{aab4321d-1407-4393-b531-fa6eb2e37a43}</UniqueIdentifier>
    </Filter>
    <Filter Include="HttpServer">
      <UniqueIdentifier>{6e588f4f-7431-437d-9f2d-8f2774912e83}</UniqueIdentifier>
    </Filter>
    <Filter Include="lua">
      <UniqueIdentifier>{c9dd466a-cb3a-4f7e-b0b2-bc5ec1da556c}</UniqueIdentifier>
    </Filter>
  </ItemGroup>
  <ItemGroup>
    <ClCompile Include="..\src\Common\Util.cpp">
      <Filter>工具类</Filter>
    </ClCompile>
    <ClCompile Include="..\src\Common\MyCurl.cpp">
      <Filter>HttpClient</Filter>
    </ClCompile>
    <ClCompile Include="..\src\Common\BillManage.cpp">
      <Filter>数据流水</Filter>
    </ClCompile>
    <ClCompile Include="..\src\Common\RedisBase.cpp">
      <Filter>Redis模块</Filter>
    </ClCompile>
    <ClCompile Include="..\src\Common\RedisCenter.cpp">
      <Filter>Redis模块</Filter>
    </ClCompile>
    <ClCompile Include="..\src\Common\RedisCommon.cpp">
      <Filter>Redis模块</Filter>
    </ClCompile>
    <ClCompile Include="..\src\Common\RedisLoader.cpp">
      <Filter>Redis模块</Filter>
    </ClCompile>
    <ClCompile Include="..\src\Common\RedisLogon.cpp">
      <Filter>Redis模块</Filter>
    </ClCompile>
    <ClCompile Include="..\src\Common\RedisPHP.cpp">
      <Filter>Redis模块</Filter>
    </ClCompile>
    <ClCompile Include="..\src\Common\MD5.cpp">
      <Filter>加密工具</Filter>
    </ClCompile>
    <ClCompile Include="..\src\jemalloc\jemalloc_cpp.cpp">
      <Filter>公共定义</Filter>
    </ClCompile>
    <ClCompile Include="..\src\Common\HttpServer.cpp">
      <Filter>HttpServer</Filter>
    </ClCompile>
    <ClCompile Include="..\src\protobuf\AsyncEventMsg.pb.cc">
      <Filter>协议模块</Filter>
    </ClCompile>
    <ClCompile Include="..\src\lua\pb.c">
      <Filter>lua</Filter>
    </ClCompile>
    <ClCompile Include="..\src\lua\ls_mysql.c">
      <Filter>lua</Filter>
    </ClCompile>
    <ClCompile Include="..\src\lua\luasql.c">
      <Filter>lua</Filter>
    </ClCompile>
    <ClCompile Include="..\src\lua\auxiliar.c">
      <Filter>lua</Filter>
    </ClCompile>
    <ClCompile Include="..\src\lua\buffer.c">
      <Filter>lua</Filter>
    </ClCompile>
    <ClCompile Include="..\src\lua\except.c">
      <Filter>lua</Filter>
    </ClCompile>
    <ClCompile Include="..\src\lua\inet.c">
      <Filter>lua</Filter>
    </ClCompile>
    <ClCompile Include="..\src\lua\io.c">
      <Filter>lua</Filter>
    </ClCompile>
    <ClCompile Include="..\src\lua\luasocket.c">
      <Filter>lua</Filter>
    </ClCompile>
    <ClCompile Include="..\src\lua\mime.c">
      <Filter>lua</Filter>
    </ClCompile>
    <ClCompile Include="..\src\lua\options.c">
      <Filter>lua</Filter>
    </ClCompile>
    <ClCompile Include="..\src\lua\select.c">
      <Filter>lua</Filter>
    </ClCompile>
    <ClCompile Include="..\src\lua\tcp.c">
      <Filter>lua</Filter>
    </ClCompile>
    <ClCompile Include="..\src\lua\timeout.c">
      <Filter>lua</Filter>
    </ClCompile>
    <ClCompile Include="..\src\lua\udp.c">
      <Filter>lua</Filter>
    </ClCompile>
    <ClCompile Include="..\src\lua\unix.c">
      <Filter>lua</Filter>
    </ClCompile>
    <ClCompile Include="..\src\lua\usocket.c">
      <Filter>lua</Filter>
    </ClCompile>
  </ItemGroup>
  <ItemGroup>
    <ClInclude Include="..\src\include\ServerCommon\MyCurl.h">
      <Filter>HttpClient</Filter>
    </ClInclude>
    <ClInclude Include="..\src\include\ServerCommon\HttpServer.h">
      <Filter>HttpServer</Filter>
    </ClInclude>
    <ClInclude Include="..\src\include\ServerCommon\RedisCenter.h">
      <Filter>Redis模块</Filter>
    </ClInclude>
    <ClInclude Include="..\src\include\ServerCommon\RedisCommon.h">
      <Filter>Redis模块</Filter>
    </ClInclude>
    <ClInclude Include="..\src\include\ServerCommon\RedisLoader.h">
      <Filter>Redis模块</Filter>
    </ClInclude>
    <ClInclude Include="..\src\include\ServerCommon\RedisLogon.h">
      <Filter>Redis模块</Filter>
    </ClInclude>
    <ClInclude Include="..\src\include\ServerCommon\RedisPHP.h">
      <Filter>Redis模块</Filter>
    </ClInclude>
    <ClInclude Include="..\src\include\ServerCommon\RedisBase.h">
      <Filter>Redis模块</Filter>
    </ClInclude>
    <ClInclude Include="..\src\include\ServerCommon\tableDefine.h">
      <Filter>Redis模块</Filter>
    </ClInclude>
    <ClInclude Include="..\src\include\ServerCommon\Util.h">
      <Filter>工具类</Filter>
    </ClInclude>
    <ClInclude Include="..\src\include\ServerCommon\Define.h">
      <Filter>公共定义</Filter>
    </ClInclude>
    <ClInclude Include="..\src\include\ServerCommon\ErrorCode.h">
      <Filter>公共定义</Filter>
    </ClInclude>
    <ClInclude Include="..\src\include\ServerCommon\MD5.h">
      <Filter>加密工具</Filter>
    </ClInclude>
    <ClInclude Include="..\src\include\ServerCommon\BillManage.h">
      <Filter>数据流水</Filter>
    </ClInclude>
    <ClInclude Include="..\src\include\ServerCommon\NewMessageDefine.h">
      <Filter>协议模块</Filter>
    </ClInclude>
    <ClInclude Include="..\src\include\ServerCommon\PlatformMessage.h">
      <Filter>协议模块</Filter>
    </ClInclude>
    <ClInclude Include="..\src\include\ServerCommon\AsyncEventMsg.h">
      <Filter>协议模块</Filter>
    </ClInclude>
    <ClInclude Include="..\src\protobuf\AsyncEventMsg.pb.h">
      <Filter>协议模块</Filter>
    </ClInclude>
    <ClInclude Include="..\src\include\ServerCommon\LuaModuleInit.h">
      <Filter>lua</Filter>
    </ClInclude>
    <ClInclude Include="..\src\lua\auxiliar.h">
      <Filter>lua</Filter>
    </ClInclude>
    <ClInclude Include="..\src\lua\buffer.h">
      <Filter>lua</Filter>
    </ClInclude>
    <ClInclude Include="..\src\lua\except.h">
      <Filter>lua</Filter>
    </ClInclude>
    <ClInclude Include="..\src\lua\inet.h">
      <Filter>lua</Filter>
    </ClInclude>
    <ClInclude Include="..\src\lua\io.h">
      <Filter>lua</Filter>
    </ClInclude>
    <ClInclude Include="..\src\lua\luasocket.h">
      <Filter>lua</Filter>
    </ClInclude>
    <ClInclude Include="..\src\lua\luasql.h">
      <Filter>lua</Filter>
    </ClInclude>
    <ClInclude Include="..\src\lua\mime.h">
      <Filter>lua</Filter>
    </ClInclude>
    <ClInclude Include="..\src\lua\options.h">
      <Filter>lua</Filter>
    </ClInclude>
    <ClInclude Include="..\src\lua\select.h">
      <Filter>lua</Filter>
    </ClInclude>
    <ClInclude Include="..\src\lua\socket.h">
      <Filter>lua</Filter>
    </ClInclude>
    <ClInclude Include="..\src\lua\tcp.h">
      <Filter>lua</Filter>
    </ClInclude>
    <ClInclude Include="..\src\lua\timeout.h">
      <Filter>lua</Filter>
    </ClInclude>
    <ClInclude Include="..\src\lua\udp.h">
      <Filter>lua</Filter>
    </ClInclude>
    <ClInclude Include="..\src\lua\unix.h">
      <Filter>lua</Filter>
    </ClInclude>
    <ClInclude Include="..\src\lua\usocket.h">
      <Filter>lua</Filter>
    </ClInclude>
  </ItemGroup>
</Project>