
Microsoft Visual Studio Solution File, Format Version 12.00
# Visual Studio Version 16
VisualStudioVersion = 16.0.29215.179
MinimumVisualStudioVersion = 10.0.40219.1
Project("{8BC9CEB8-8B4A-11D0-8D11-00A0C91BC942}") = "test", "test\test.vcxproj", "{181D531F-3EF7-4ECA-ABA1-FBEA79DFE8D2}"
EndProject
Project("{8BC9CEB8-8B4A-11D0-8D11-00A0C91BC942}") = "Kernel", "Kernel\Kernel.vcxproj", "{E8896E74-DF5C-4AE3-89F6-72FD57A595D9}"
EndProject
Project("{8BC9CEB8-8B4A-11D0-8D11-00A0C91BC942}") = "Common", "Common\Common.vcxproj", "{C1B0FFE3-5A13-48B0-9BC1-F80139D35B1C}"
	ProjectSection(ProjectDependencies) = postProject
		{E8896E74-DF5C-4AE3-89F6-72FD57A595D9} = {E8896E74-DF5C-4AE3-89F6-72FD57A595D9}
	EndProjectSection
EndProject
Project("{8BC9CEB8-8B4A-11D0-8D11-00A0C91BC942}") = "GameManage", "GameManage\GameManage.vcxproj", "{9903BD27-B322-4B9A-99D2-760A8659DDB0}"
	ProjectSection(ProjectDependencies) = postProject
		{E8896E74-DF5C-4AE3-89F6-72FD57A595D9} = {E8896E74-DF5C-4AE3-89F6-72FD57A595D9}
		{C1B0FFE3-5A13-48B0-9BC1-F80139D35B1C} = {C1B0FFE3-5A13-48B0-9BC1-F80139D35B1C}
	EndProjectSection
EndProject
Project("{8BC9CEB8-8B4A-11D0-8D11-00A0C91BC942}") = "LoaderServer", "LoaderServer\LoaderServer.vcxproj", "{2491EF39-15C8-4342-A0DF-4E4DF595E8C7}"
	ProjectSection(ProjectDependencies) = postProject
		{9903BD27-B322-4B9A-99D2-760A8659DDB0} = {9903BD27-B322-4B9A-99D2-760A8659DDB0}
		{E8896E74-DF5C-4AE3-89F6-72FD57A595D9} = {E8896E74-DF5C-4AE3-89F6-72FD57A595D9}
		{C1B0FFE3-5A13-48B0-9BC1-F80139D35B1C} = {C1B0FFE3-5A13-48B0-9BC1-F80139D35B1C}
	EndProjectSection
EndProject
Project("{2150E333-8FDC-42A3-9474-1A3956D46DE8}") = "games", "games", "{79241E4F-3706-47A9-A401-F9C3543358A6}"
EndProject
Project("{8BC9CEB8-8B4A-11D0-8D11-00A0C91BC942}") = "36610103_DDZ", "games\36610103_DDZ\36610103_DDZ.vcxproj", "{51E3932E-C3A7-44E4-8F5F-A4BA0D076960}"
EndProject
Project("{2150E333-8FDC-42A3-9474-1A3956D46DE8}") = "platform", "platform", "{D1744E59-A76F-4E1A-B574-DD1BBB73AAFD}"
EndProject
Project("{8BC9CEB8-8B4A-11D0-8D11-00A0C91BC942}") = "LogonServer", "LogonServer\LogonServer.vcxproj", "{CFFD70CA-ABC0-4F52-9BEB-CB50650FDEB8}"
	ProjectSection(ProjectDependencies) = postProject
		{E8896E74-DF5C-4AE3-89F6-72FD57A595D9} = {E8896E74-DF5C-4AE3-89F6-72FD57A595D9}
		{C1B0FFE3-5A13-48B0-9BC1-F80139D35B1C} = {C1B0FFE3-5A13-48B0-9BC1-F80139D35B1C}
	EndProjectSection
EndProject
Project("{8BC9CEB8-8B4A-11D0-8D11-00A0C91BC942}") = "CenterServer", "CenterServer\CenterServer.vcxproj", "{04ACE773-2EF6-4D6B-B7C6-2CD5439BF4DB}"
	ProjectSection(ProjectDependencies) = postProject
		{E8896E74-DF5C-4AE3-89F6-72FD57A595D9} = {E8896E74-DF5C-4AE3-89F6-72FD57A595D9}
		{C1B0FFE3-5A13-48B0-9BC1-F80139D35B1C} = {C1B0FFE3-5A13-48B0-9BC1-F80139D35B1C}
	EndProjectSection
EndProject
Project("{8BC9CEB8-8B4A-11D0-8D11-00A0C91BC942}") = "23510004_SXTDH", "games\23510004_SXTDH\23510004_SXTDH.vcxproj", "{AF7350CD-5579-4596-899C-CA655471C2B2}"
EndProject
Project("{8BC9CEB8-8B4A-11D0-8D11-00A0C91BC942}") = "40000100_LHD", "games\40000100_LHD\40000100_LHD.vcxproj", "{2E4AB206-9E1F-453B-A01F-04F25BF8C97B}"
EndProject
Global
	GlobalSection(SolutionConfigurationPlatforms) = preSolution
		Debug|ARM = Debug|ARM
		Debug|ARM64 = Debug|ARM64
		Debug|x64 = Debug|x64
		Debug|x86 = Debug|x86
		Release|ARM = Release|ARM
		Release|ARM64 = Release|ARM64
		Release|x64 = Release|x64
		Release|x86 = Release|x86
	EndGlobalSection
	GlobalSection(ProjectConfigurationPlatforms) = postSolution
		{181D531F-3EF7-4ECA-ABA1-FBEA79DFE8D2}.Debug|ARM.ActiveCfg = Debug|ARM
		{181D531F-3EF7-4ECA-ABA1-FBEA79DFE8D2}.Debug|ARM.Build.0 = Debug|ARM
		{181D531F-3EF7-4ECA-ABA1-FBEA79DFE8D2}.Debug|ARM.Deploy.0 = Debug|ARM
		{181D531F-3EF7-4ECA-ABA1-FBEA79DFE8D2}.Debug|ARM64.ActiveCfg = Debug|ARM64
		{181D531F-3EF7-4ECA-ABA1-FBEA79DFE8D2}.Debug|ARM64.Build.0 = Debug|ARM64
		{181D531F-3EF7-4ECA-ABA1-FBEA79DFE8D2}.Debug|ARM64.Deploy.0 = Debug|ARM64
		{181D531F-3EF7-4ECA-ABA1-FBEA79DFE8D2}.Debug|x64.ActiveCfg = Debug|x64
		{181D531F-3EF7-4ECA-ABA1-FBEA79DFE8D2}.Debug|x64.Build.0 = Debug|x64
		{181D531F-3EF7-4ECA-ABA1-FBEA79DFE8D2}.Debug|x64.Deploy.0 = Debug|x64
		{181D531F-3EF7-4ECA-ABA1-FBEA79DFE8D2}.Debug|x86.ActiveCfg = Debug|x86
		{181D531F-3EF7-4ECA-ABA1-FBEA79DFE8D2}.Debug|x86.Build.0 = Debug|x86
		{181D531F-3EF7-4ECA-ABA1-FBEA79DFE8D2}.Debug|x86.Deploy.0 = Debug|x86
		{181D531F-3EF7-4ECA-ABA1-FBEA79DFE8D2}.Release|ARM.ActiveCfg = Release|ARM
		{181D531F-3EF7-4ECA-ABA1-FBEA79DFE8D2}.Release|ARM.Build.0 = Release|ARM
		{181D531F-3EF7-4ECA-ABA1-FBEA79DFE8D2}.Release|ARM.Deploy.0 = Release|ARM
		{181D531F-3EF7-4ECA-ABA1-FBEA79DFE8D2}.Release|ARM64.ActiveCfg = Release|ARM64
		{181D531F-3EF7-4ECA-ABA1-FBEA79DFE8D2}.Release|ARM64.Build.0 = Release|ARM64
		{181D531F-3EF7-4ECA-ABA1-FBEA79DFE8D2}.Release|ARM64.Deploy.0 = Release|ARM64
		{181D531F-3EF7-4ECA-ABA1-FBEA79DFE8D2}.Release|x64.ActiveCfg = Release|x64
		{181D531F-3EF7-4ECA-ABA1-FBEA79DFE8D2}.Release|x64.Build.0 = Release|x64
		{181D531F-3EF7-4ECA-ABA1-FBEA79DFE8D2}.Release|x64.Deploy.0 = Release|x64
		{181D531F-3EF7-4ECA-ABA1-FBEA79DFE8D2}.Release|x86.ActiveCfg = Release|x86
		{181D531F-3EF7-4ECA-ABA1-FBEA79DFE8D2}.Release|x86.Build.0 = Release|x86
		{181D531F-3EF7-4ECA-ABA1-FBEA79DFE8D2}.Release|x86.Deploy.0 = Release|x86
		{E8896E74-DF5C-4AE3-89F6-72FD57A595D9}.Debug|ARM.ActiveCfg = Debug|ARM
		{E8896E74-DF5C-4AE3-89F6-72FD57A595D9}.Debug|ARM.Build.0 = Debug|ARM
		{E8896E74-DF5C-4AE3-89F6-72FD57A595D9}.Debug|ARM.Deploy.0 = Debug|ARM
		{E8896E74-DF5C-4AE3-89F6-72FD57A595D9}.Debug|ARM64.ActiveCfg = Debug|ARM64
		{E8896E74-DF5C-4AE3-89F6-72FD57A595D9}.Debug|ARM64.Build.0 = Debug|ARM64
		{E8896E74-DF5C-4AE3-89F6-72FD57A595D9}.Debug|ARM64.Deploy.0 = Debug|ARM64
		{E8896E74-DF5C-4AE3-89F6-72FD57A595D9}.Debug|x64.ActiveCfg = Debug|x64
		{E8896E74-DF5C-4AE3-89F6-72FD57A595D9}.Debug|x64.Build.0 = Debug|x64
		{E8896E74-DF5C-4AE3-89F6-72FD57A595D9}.Debug|x64.Deploy.0 = Debug|x64
		{E8896E74-DF5C-4AE3-89F6-72FD57A595D9}.Debug|x86.ActiveCfg = Debug|x86
		{E8896E74-DF5C-4AE3-89F6-72FD57A595D9}.Debug|x86.Build.0 = Debug|x86
		{E8896E74-DF5C-4AE3-89F6-72FD57A595D9}.Debug|x86.Deploy.0 = Debug|x86
		{E8896E74-DF5C-4AE3-89F6-72FD57A595D9}.Release|ARM.ActiveCfg = Release|ARM
		{E8896E74-DF5C-4AE3-89F6-72FD57A595D9}.Release|ARM.Build.0 = Release|ARM
		{E8896E74-DF5C-4AE3-89F6-72FD57A595D9}.Release|ARM.Deploy.0 = Release|ARM
		{E8896E74-DF5C-4AE3-89F6-72FD57A595D9}.Release|ARM64.ActiveCfg = Release|ARM64
		{E8896E74-DF5C-4AE3-89F6-72FD57A595D9}.Release|ARM64.Build.0 = Release|ARM64
		{E8896E74-DF5C-4AE3-89F6-72FD57A595D9}.Release|ARM64.Deploy.0 = Release|ARM64
		{E8896E74-DF5C-4AE3-89F6-72FD57A595D9}.Release|x64.ActiveCfg = Release|x64
		{E8896E74-DF5C-4AE3-89F6-72FD57A595D9}.Release|x64.Build.0 = Release|x64
		{E8896E74-DF5C-4AE3-89F6-72FD57A595D9}.Release|x64.Deploy.0 = Release|x64
		{E8896E74-DF5C-4AE3-89F6-72FD57A595D9}.Release|x86.ActiveCfg = Release|x86
		{E8896E74-DF5C-4AE3-89F6-72FD57A595D9}.Release|x86.Build.0 = Release|x86
		{E8896E74-DF5C-4AE3-89F6-72FD57A595D9}.Release|x86.Deploy.0 = Release|x86
		{C1B0FFE3-5A13-48B0-9BC1-F80139D35B1C}.Debug|ARM.ActiveCfg = Debug|ARM
		{C1B0FFE3-5A13-48B0-9BC1-F80139D35B1C}.Debug|ARM.Build.0 = Debug|ARM
		{C1B0FFE3-5A13-48B0-9BC1-F80139D35B1C}.Debug|ARM.Deploy.0 = Debug|ARM
		{C1B0FFE3-5A13-48B0-9BC1-F80139D35B1C}.Debug|ARM64.ActiveCfg = Debug|ARM64
		{C1B0FFE3-5A13-48B0-9BC1-F80139D35B1C}.Debug|ARM64.Build.0 = Debug|ARM64
		{C1B0FFE3-5A13-48B0-9BC1-F80139D35B1C}.Debug|ARM64.Deploy.0 = Debug|ARM64
		{C1B0FFE3-5A13-48B0-9BC1-F80139D35B1C}.Debug|x64.ActiveCfg = Debug|x64
		{C1B0FFE3-5A13-48B0-9BC1-F80139D35B1C}.Debug|x64.Build.0 = Debug|x64
		{C1B0FFE3-5A13-48B0-9BC1-F80139D35B1C}.Debug|x64.Deploy.0 = Debug|x64
		{C1B0FFE3-5A13-48B0-9BC1-F80139D35B1C}.Debug|x86.ActiveCfg = Debug|x86
		{C1B0FFE3-5A13-48B0-9BC1-F80139D35B1C}.Debug|x86.Build.0 = Debug|x86
		{C1B0FFE3-5A13-48B0-9BC1-F80139D35B1C}.Debug|x86.Deploy.0 = Debug|x86
		{C1B0FFE3-5A13-48B0-9BC1-F80139D35B1C}.Release|ARM.ActiveCfg = Release|ARM
		{C1B0FFE3-5A13-48B0-9BC1-F80139D35B1C}.Release|ARM.Build.0 = Release|ARM
		{C1B0FFE3-5A13-48B0-9BC1-F80139D35B1C}.Release|ARM.Deploy.0 = Release|ARM
		{C1B0FFE3-5A13-48B0-9BC1-F80139D35B1C}.Release|ARM64.ActiveCfg = Release|ARM64
		{C1B0FFE3-5A13-48B0-9BC1-F80139D35B1C}.Release|ARM64.Build.0 = Release|ARM64
		{C1B0FFE3-5A13-48B0-9BC1-F80139D35B1C}.Release|ARM64.Deploy.0 = Release|ARM64
		{C1B0FFE3-5A13-48B0-9BC1-F80139D35B1C}.Release|x64.ActiveCfg = Release|x64
		{C1B0FFE3-5A13-48B0-9BC1-F80139D35B1C}.Release|x64.Build.0 = Release|x64
		{C1B0FFE3-5A13-48B0-9BC1-F80139D35B1C}.Release|x64.Deploy.0 = Release|x64
		{C1B0FFE3-5A13-48B0-9BC1-F80139D35B1C}.Release|x86.ActiveCfg = Release|x86
		{C1B0FFE3-5A13-48B0-9BC1-F80139D35B1C}.Release|x86.Build.0 = Release|x86
		{C1B0FFE3-5A13-48B0-9BC1-F80139D35B1C}.Release|x86.Deploy.0 = Release|x86
		{9903BD27-B322-4B9A-99D2-760A8659DDB0}.Debug|ARM.ActiveCfg = Debug|ARM
		{9903BD27-B322-4B9A-99D2-760A8659DDB0}.Debug|ARM.Build.0 = Debug|ARM
		{9903BD27-B322-4B9A-99D2-760A8659DDB0}.Debug|ARM.Deploy.0 = Debug|ARM
		{9903BD27-B322-4B9A-99D2-760A8659DDB0}.Debug|ARM64.ActiveCfg = Debug|ARM64
		{9903BD27-B322-4B9A-99D2-760A8659DDB0}.Debug|ARM64.Build.0 = Debug|ARM64
		{9903BD27-B322-4B9A-99D2-760A8659DDB0}.Debug|ARM64.Deploy.0 = Debug|ARM64
		{9903BD27-B322-4B9A-99D2-760A8659DDB0}.Debug|x64.ActiveCfg = Debug|x64
		{9903BD27-B322-4B9A-99D2-760A8659DDB0}.Debug|x64.Build.0 = Debug|x64
		{9903BD27-B322-4B9A-99D2-760A8659DDB0}.Debug|x64.Deploy.0 = Debug|x64
		{9903BD27-B322-4B9A-99D2-760A8659DDB0}.Debug|x86.ActiveCfg = Debug|x86
		{9903BD27-B322-4B9A-99D2-760A8659DDB0}.Debug|x86.Build.0 = Debug|x86
		{9903BD27-B322-4B9A-99D2-760A8659DDB0}.Debug|x86.Deploy.0 = Debug|x86
		{9903BD27-B322-4B9A-99D2-760A8659DDB0}.Release|ARM.ActiveCfg = Release|ARM
		{9903BD27-B322-4B9A-99D2-760A8659DDB0}.Release|ARM.Build.0 = Release|ARM
		{9903BD27-B322-4B9A-99D2-760A8659DDB0}.Release|ARM.Deploy.0 = Release|ARM
		{9903BD27-B322-4B9A-99D2-760A8659DDB0}.Release|ARM64.ActiveCfg = Release|ARM64
		{9903BD27-B322-4B9A-99D2-760A8659DDB0}.Release|ARM64.Build.0 = Release|ARM64
		{9903BD27-B322-4B9A-99D2-760A8659DDB0}.Release|ARM64.Deploy.0 = Release|ARM64
		{9903BD27-B322-4B9A-99D2-760A8659DDB0}.Release|x64.ActiveCfg = Release|x64
		{9903BD27-B322-4B9A-99D2-760A8659DDB0}.Release|x64.Build.0 = Release|x64
		{9903BD27-B322-4B9A-99D2-760A8659DDB0}.Release|x64.Deploy.0 = Release|x64
		{9903BD27-B322-4B9A-99D2-760A8659DDB0}.Release|x86.ActiveCfg = Release|x86
		{9903BD27-B322-4B9A-99D2-760A8659DDB0}.Release|x86.Build.0 = Release|x86
		{9903BD27-B322-4B9A-99D2-760A8659DDB0}.Release|x86.Deploy.0 = Release|x86
		{2491EF39-15C8-4342-A0DF-4E4DF595E8C7}.Debug|ARM.ActiveCfg = Debug|ARM
		{2491EF39-15C8-4342-A0DF-4E4DF595E8C7}.Debug|ARM.Build.0 = Debug|ARM
		{2491EF39-15C8-4342-A0DF-4E4DF595E8C7}.Debug|ARM.Deploy.0 = Debug|ARM
		{2491EF39-15C8-4342-A0DF-4E4DF595E8C7}.Debug|ARM64.ActiveCfg = Debug|ARM64
		{2491EF39-15C8-4342-A0DF-4E4DF595E8C7}.Debug|ARM64.Build.0 = Debug|ARM64
		{2491EF39-15C8-4342-A0DF-4E4DF595E8C7}.Debug|ARM64.Deploy.0 = Debug|ARM64
		{2491EF39-15C8-4342-A0DF-4E4DF595E8C7}.Debug|x64.ActiveCfg = Debug|x64
		{2491EF39-15C8-4342-A0DF-4E4DF595E8C7}.Debug|x64.Build.0 = Debug|x64
		{2491EF39-15C8-4342-A0DF-4E4DF595E8C7}.Debug|x64.Deploy.0 = Debug|x64
		{2491EF39-15C8-4342-A0DF-4E4DF595E8C7}.Debug|x86.ActiveCfg = Debug|x86
		{2491EF39-15C8-4342-A0DF-4E4DF595E8C7}.Debug|x86.Build.0 = Debug|x86
		{2491EF39-15C8-4342-A0DF-4E4DF595E8C7}.Debug|x86.Deploy.0 = Debug|x86
		{2491EF39-15C8-4342-A0DF-4E4DF595E8C7}.Release|ARM.ActiveCfg = Release|ARM
		{2491EF39-15C8-4342-A0DF-4E4DF595E8C7}.Release|ARM.Build.0 = Release|ARM
		{2491EF39-15C8-4342-A0DF-4E4DF595E8C7}.Release|ARM.Deploy.0 = Release|ARM
		{2491EF39-15C8-4342-A0DF-4E4DF595E8C7}.Release|ARM64.ActiveCfg = Release|ARM64
		{2491EF39-15C8-4342-A0DF-4E4DF595E8C7}.Release|ARM64.Build.0 = Release|ARM64
		{2491EF39-15C8-4342-A0DF-4E4DF595E8C7}.Release|ARM64.Deploy.0 = Release|ARM64
		{2491EF39-15C8-4342-A0DF-4E4DF595E8C7}.Release|x64.ActiveCfg = Release|x64
		{2491EF39-15C8-4342-A0DF-4E4DF595E8C7}.Release|x64.Build.0 = Release|x64
		{2491EF39-15C8-4342-A0DF-4E4DF595E8C7}.Release|x64.Deploy.0 = Release|x64
		{2491EF39-15C8-4342-A0DF-4E4DF595E8C7}.Release|x86.ActiveCfg = Release|x86
		{2491EF39-15C8-4342-A0DF-4E4DF595E8C7}.Release|x86.Build.0 = Release|x86
		{2491EF39-15C8-4342-A0DF-4E4DF595E8C7}.Release|x86.Deploy.0 = Release|x86
		{51E3932E-C3A7-44E4-8F5F-A4BA0D076960}.Debug|ARM.ActiveCfg = Debug|ARM
		{51E3932E-C3A7-44E4-8F5F-A4BA0D076960}.Debug|ARM.Build.0 = Debug|ARM
		{51E3932E-C3A7-44E4-8F5F-A4BA0D076960}.Debug|ARM.Deploy.0 = Debug|ARM
		{51E3932E-C3A7-44E4-8F5F-A4BA0D076960}.Debug|ARM64.ActiveCfg = Debug|ARM64
		{51E3932E-C3A7-44E4-8F5F-A4BA0D076960}.Debug|ARM64.Build.0 = Debug|ARM64
		{51E3932E-C3A7-44E4-8F5F-A4BA0D076960}.Debug|ARM64.Deploy.0 = Debug|ARM64
		{51E3932E-C3A7-44E4-8F5F-A4BA0D076960}.Debug|x64.ActiveCfg = Debug|x64
		{51E3932E-C3A7-44E4-8F5F-A4BA0D076960}.Debug|x64.Build.0 = Debug|x64
		{51E3932E-C3A7-44E4-8F5F-A4BA0D076960}.Debug|x64.Deploy.0 = Debug|x64
		{51E3932E-C3A7-44E4-8F5F-A4BA0D076960}.Debug|x86.ActiveCfg = Debug|x86
		{51E3932E-C3A7-44E4-8F5F-A4BA0D076960}.Debug|x86.Build.0 = Debug|x86
		{51E3932E-C3A7-44E4-8F5F-A4BA0D076960}.Debug|x86.Deploy.0 = Debug|x86
		{51E3932E-C3A7-44E4-8F5F-A4BA0D076960}.Release|ARM.ActiveCfg = Release|ARM
		{51E3932E-C3A7-44E4-8F5F-A4BA0D076960}.Release|ARM.Build.0 = Release|ARM
		{51E3932E-C3A7-44E4-8F5F-A4BA0D076960}.Release|ARM.Deploy.0 = Release|ARM
		{51E3932E-C3A7-44E4-8F5F-A4BA0D076960}.Release|ARM64.ActiveCfg = Release|ARM64
		{51E3932E-C3A7-44E4-8F5F-A4BA0D076960}.Release|ARM64.Build.0 = Release|ARM64
		{51E3932E-C3A7-44E4-8F5F-A4BA0D076960}.Release|ARM64.Deploy.0 = Release|ARM64
		{51E3932E-C3A7-44E4-8F5F-A4BA0D076960}.Release|x64.ActiveCfg = Release|x64
		{51E3932E-C3A7-44E4-8F5F-A4BA0D076960}.Release|x64.Build.0 = Release|x64
		{51E3932E-C3A7-44E4-8F5F-A4BA0D076960}.Release|x64.Deploy.0 = Release|x64
		{51E3932E-C3A7-44E4-8F5F-A4BA0D076960}.Release|x86.ActiveCfg = Release|x86
		{51E3932E-C3A7-44E4-8F5F-A4BA0D076960}.Release|x86.Build.0 = Release|x86
		{51E3932E-C3A7-44E4-8F5F-A4BA0D076960}.Release|x86.Deploy.0 = Release|x86
		{CFFD70CA-ABC0-4F52-9BEB-CB50650FDEB8}.Debug|ARM.ActiveCfg = Debug|ARM
		{CFFD70CA-ABC0-4F52-9BEB-CB50650FDEB8}.Debug|ARM.Build.0 = Debug|ARM
		{CFFD70CA-ABC0-4F52-9BEB-CB50650FDEB8}.Debug|ARM.Deploy.0 = Debug|ARM
		{CFFD70CA-ABC0-4F52-9BEB-CB50650FDEB8}.Debug|ARM64.ActiveCfg = Debug|ARM64
		{CFFD70CA-ABC0-4F52-9BEB-CB50650FDEB8}.Debug|ARM64.Build.0 = Debug|ARM64
		{CFFD70CA-ABC0-4F52-9BEB-CB50650FDEB8}.Debug|ARM64.Deploy.0 = Debug|ARM64
		{CFFD70CA-ABC0-4F52-9BEB-CB50650FDEB8}.Debug|x64.ActiveCfg = Debug|x64
		{CFFD70CA-ABC0-4F52-9BEB-CB50650FDEB8}.Debug|x64.Build.0 = Debug|x64
		{CFFD70CA-ABC0-4F52-9BEB-CB50650FDEB8}.Debug|x64.Deploy.0 = Debug|x64
		{CFFD70CA-ABC0-4F52-9BEB-CB50650FDEB8}.Debug|x86.ActiveCfg = Debug|x86
		{CFFD70CA-ABC0-4F52-9BEB-CB50650FDEB8}.Debug|x86.Build.0 = Debug|x86
		{CFFD70CA-ABC0-4F52-9BEB-CB50650FDEB8}.Debug|x86.Deploy.0 = Debug|x86
		{CFFD70CA-ABC0-4F52-9BEB-CB50650FDEB8}.Release|ARM.ActiveCfg = Release|ARM
		{CFFD70CA-ABC0-4F52-9BEB-CB50650FDEB8}.Release|ARM.Build.0 = Release|ARM
		{CFFD70CA-ABC0-4F52-9BEB-CB50650FDEB8}.Release|ARM.Deploy.0 = Release|ARM
		{CFFD70CA-ABC0-4F52-9BEB-CB50650FDEB8}.Release|ARM64.ActiveCfg = Release|ARM64
		{CFFD70CA-ABC0-4F52-9BEB-CB50650FDEB8}.Release|ARM64.Build.0 = Release|ARM64
		{CFFD70CA-ABC0-4F52-9BEB-CB50650FDEB8}.Release|ARM64.Deploy.0 = Release|ARM64
		{CFFD70CA-ABC0-4F52-9BEB-CB50650FDEB8}.Release|x64.ActiveCfg = Release|x64
		{CFFD70CA-ABC0-4F52-9BEB-CB50650FDEB8}.Release|x64.Build.0 = Release|x64
		{CFFD70CA-ABC0-4F52-9BEB-CB50650FDEB8}.Release|x64.Deploy.0 = Release|x64
		{CFFD70CA-ABC0-4F52-9BEB-CB50650FDEB8}.Release|x86.ActiveCfg = Release|x86
		{CFFD70CA-ABC0-4F52-9BEB-CB50650FDEB8}.Release|x86.Build.0 = Release|x86
		{CFFD70CA-ABC0-4F52-9BEB-CB50650FDEB8}.Release|x86.Deploy.0 = Release|x86
		{04ACE773-2EF6-4D6B-B7C6-2CD5439BF4DB}.Debug|ARM.ActiveCfg = Debug|ARM
		{04ACE773-2EF6-4D6B-B7C6-2CD5439BF4DB}.Debug|ARM.Build.0 = Debug|ARM
		{04ACE773-2EF6-4D6B-B7C6-2CD5439BF4DB}.Debug|ARM.Deploy.0 = Debug|ARM
		{04ACE773-2EF6-4D6B-B7C6-2CD5439BF4DB}.Debug|ARM64.ActiveCfg = Debug|ARM64
		{04ACE773-2EF6-4D6B-B7C6-2CD5439BF4DB}.Debug|ARM64.Build.0 = Debug|ARM64
		{04ACE773-2EF6-4D6B-B7C6-2CD5439BF4DB}.Debug|ARM64.Deploy.0 = Debug|ARM64
		{04ACE773-2EF6-4D6B-B7C6-2CD5439BF4DB}.Debug|x64.ActiveCfg = Debug|x64
		{04ACE773-2EF6-4D6B-B7C6-2CD5439BF4DB}.Debug|x64.Build.0 = Debug|x64
		{04ACE773-2EF6-4D6B-B7C6-2CD5439BF4DB}.Debug|x64.Deploy.0 = Debug|x64
		{04ACE773-2EF6-4D6B-B7C6-2CD5439BF4DB}.Debug|x86.ActiveCfg = Debug|x86
		{04ACE773-2EF6-4D6B-B7C6-2CD5439BF4DB}.Debug|x86.Build.0 = Debug|x86
		{04ACE773-2EF6-4D6B-B7C6-2CD5439BF4DB}.Debug|x86.Deploy.0 = Debug|x86
		{04ACE773-2EF6-4D6B-B7C6-2CD5439BF4DB}.Release|ARM.ActiveCfg = Release|ARM
		{04ACE773-2EF6-4D6B-B7C6-2CD5439BF4DB}.Release|ARM.Build.0 = Release|ARM
		{04ACE773-2EF6-4D6B-B7C6-2CD5439BF4DB}.Release|ARM.Deploy.0 = Release|ARM
		{04ACE773-2EF6-4D6B-B7C6-2CD5439BF4DB}.Release|ARM64.ActiveCfg = Release|ARM64
		{04ACE773-2EF6-4D6B-B7C6-2CD5439BF4DB}.Release|ARM64.Build.0 = Release|ARM64
		{04ACE773-2EF6-4D6B-B7C6-2CD5439BF4DB}.Release|ARM64.Deploy.0 = Release|ARM64
		{04ACE773-2EF6-4D6B-B7C6-2CD5439BF4DB}.Release|x64.ActiveCfg = Release|x64
		{04ACE773-2EF6-4D6B-B7C6-2CD5439BF4DB}.Release|x64.Build.0 = Release|x64
		{04ACE773-2EF6-4D6B-B7C6-2CD5439BF4DB}.Release|x64.Deploy.0 = Release|x64
		{04ACE773-2EF6-4D6B-B7C6-2CD5439BF4DB}.Release|x86.ActiveCfg = Release|x86
		{04ACE773-2EF6-4D6B-B7C6-2CD5439BF4DB}.Release|x86.Build.0 = Release|x86
		{04ACE773-2EF6-4D6B-B7C6-2CD5439BF4DB}.Release|x86.Deploy.0 = Release|x86
		{AF7350CD-5579-4596-899C-CA655471C2B2}.Debug|ARM.ActiveCfg = Debug|ARM
		{AF7350CD-5579-4596-899C-CA655471C2B2}.Debug|ARM.Build.0 = Debug|ARM
		{AF7350CD-5579-4596-899C-CA655471C2B2}.Debug|ARM.Deploy.0 = Debug|ARM
		{AF7350CD-5579-4596-899C-CA655471C2B2}.Debug|ARM64.ActiveCfg = Debug|ARM64
		{AF7350CD-5579-4596-899C-CA655471C2B2}.Debug|ARM64.Build.0 = Debug|ARM64
		{AF7350CD-5579-4596-899C-CA655471C2B2}.Debug|ARM64.Deploy.0 = Debug|ARM64
		{AF7350CD-5579-4596-899C-CA655471C2B2}.Debug|x64.ActiveCfg = Debug|x64
		{AF7350CD-5579-4596-899C-CA655471C2B2}.Debug|x64.Build.0 = Debug|x64
		{AF7350CD-5579-4596-899C-CA655471C2B2}.Debug|x64.Deploy.0 = Debug|x64
		{AF7350CD-5579-4596-899C-CA655471C2B2}.Debug|x86.ActiveCfg = Debug|x86
		{AF7350CD-5579-4596-899C-CA655471C2B2}.Debug|x86.Build.0 = Debug|x86
		{AF7350CD-5579-4596-899C-CA655471C2B2}.Debug|x86.Deploy.0 = Debug|x86
		{AF7350CD-5579-4596-899C-CA655471C2B2}.Release|ARM.ActiveCfg = Release|ARM
		{AF7350CD-5579-4596-899C-CA655471C2B2}.Release|ARM.Build.0 = Release|ARM
		{AF7350CD-5579-4596-899C-CA655471C2B2}.Release|ARM.Deploy.0 = Release|ARM
		{AF7350CD-5579-4596-899C-CA655471C2B2}.Release|ARM64.ActiveCfg = Release|ARM64
		{AF7350CD-5579-4596-899C-CA655471C2B2}.Release|ARM64.Build.0 = Release|ARM64
		{AF7350CD-5579-4596-899C-CA655471C2B2}.Release|ARM64.Deploy.0 = Release|ARM64
		{AF7350CD-5579-4596-899C-CA655471C2B2}.Release|x64.ActiveCfg = Release|x64
		{AF7350CD-5579-4596-899C-CA655471C2B2}.Release|x64.Build.0 = Release|x64
		{AF7350CD-5579-4596-899C-CA655471C2B2}.Release|x64.Deploy.0 = Release|x64
		{AF7350CD-5579-4596-899C-CA655471C2B2}.Release|x86.ActiveCfg = Release|x86
		{AF7350CD-5579-4596-899C-CA655471C2B2}.Release|x86.Build.0 = Release|x86
		{AF7350CD-5579-4596-899C-CA655471C2B2}.Release|x86.Deploy.0 = Release|x86
		{2E4AB206-9E1F-453B-A01F-04F25BF8C97B}.Debug|ARM.ActiveCfg = Debug|ARM
		{2E4AB206-9E1F-453B-A01F-04F25BF8C97B}.Debug|ARM.Build.0 = Debug|ARM
		{2E4AB206-9E1F-453B-A01F-04F25BF8C97B}.Debug|ARM.Deploy.0 = Debug|ARM
		{2E4AB206-9E1F-453B-A01F-04F25BF8C97B}.Debug|ARM64.ActiveCfg = Debug|ARM64
		{2E4AB206-9E1F-453B-A01F-04F25BF8C97B}.Debug|ARM64.Build.0 = Debug|ARM64
		{2E4AB206-9E1F-453B-A01F-04F25BF8C97B}.Debug|ARM64.Deploy.0 = Debug|ARM64
		{2E4AB206-9E1F-453B-A01F-04F25BF8C97B}.Debug|x64.ActiveCfg = Debug|x64
		{2E4AB206-9E1F-453B-A01F-04F25BF8C97B}.Debug|x64.Build.0 = Debug|x64
		{2E4AB206-9E1F-453B-A01F-04F25BF8C97B}.Debug|x64.Deploy.0 = Debug|x64
		{2E4AB206-9E1F-453B-A01F-04F25BF8C97B}.Debug|x86.ActiveCfg = Debug|x86
		{2E4AB206-9E1F-453B-A01F-04F25BF8C97B}.Debug|x86.Build.0 = Debug|x86
		{2E4AB206-9E1F-453B-A01F-04F25BF8C97B}.Debug|x86.Deploy.0 = Debug|x86
		{2E4AB206-9E1F-453B-A01F-04F25BF8C97B}.Release|ARM.ActiveCfg = Release|ARM
		{2E4AB206-9E1F-453B-A01F-04F25BF8C97B}.Release|ARM.Build.0 = Release|ARM
		{2E4AB206-9E1F-453B-A01F-04F25BF8C97B}.Release|ARM.Deploy.0 = Release|ARM
		{2E4AB206-9E1F-453B-A01F-04F25BF8C97B}.Release|ARM64.ActiveCfg = Release|ARM64
		{2E4AB206-9E1F-453B-A01F-04F25BF8C97B}.Release|ARM64.Build.0 = Release|ARM64
		{2E4AB206-9E1F-453B-A01F-04F25BF8C97B}.Release|ARM64.Deploy.0 = Release|ARM64
		{2E4AB206-9E1F-453B-A01F-04F25BF8C97B}.Release|x64.ActiveCfg = Release|x64
		{2E4AB206-9E1F-453B-A01F-04F25BF8C97B}.Release|x64.Build.0 = Release|x64
		{2E4AB206-9E1F-453B-A01F-04F25BF8C97B}.Release|x64.Deploy.0 = Release|x64
		{2E4AB206-9E1F-453B-A01F-04F25BF8C97B}.Release|x86.ActiveCfg = Release|x86
		{2E4AB206-9E1F-453B-A01F-04F25BF8C97B}.Release|x86.Build.0 = Release|x86
		{2E4AB206-9E1F-453B-A01F-04F25BF8C97B}.Release|x86.Deploy.0 = Release|x86
	EndGlobalSection
	GlobalSection(SolutionProperties) = preSolution
		HideSolutionNode = FALSE
	EndGlobalSection
	GlobalSection(NestedProjects) = preSolution
		{E8896E74-DF5C-4AE3-89F6-72FD57A595D9} = {D1744E59-A76F-4E1A-B574-DD1BBB73AAFD}
		{C1B0FFE3-5A13-48B0-9BC1-F80139D35B1C} = {D1744E59-A76F-4E1A-B574-DD1BBB73AAFD}
		{9903BD27-B322-4B9A-99D2-760A8659DDB0} = {D1744E59-A76F-4E1A-B574-DD1BBB73AAFD}
		{2491EF39-15C8-4342-A0DF-4E4DF595E8C7} = {D1744E59-A76F-4E1A-B574-DD1BBB73AAFD}
		{51E3932E-C3A7-44E4-8F5F-A4BA0D076960} = {79241E4F-3706-47A9-A401-F9C3543358A6}
		{CFFD70CA-ABC0-4F52-9BEB-CB50650FDEB8} = {D1744E59-A76F-4E1A-B574-DD1BBB73AAFD}
		{04ACE773-2EF6-4D6B-B7C6-2CD5439BF4DB} = {D1744E59-A76F-4E1A-B574-DD1BBB73AAFD}
		{AF7350CD-5579-4596-899C-CA655471C2B2} = {79241E4F-3706-47A9-A401-F9C3543358A6}
		{2E4AB206-9E1F-453B-A01F-04F25BF8C97B} = {79241E4F-3706-47A9-A401-F9C3543358A6}
	EndGlobalSection
	GlobalSection(ExtensibilityGlobals) = postSolution
		SolutionGuid = {B41B6779-CEC3-435E-A3E5-D35199B34E9D}
	EndGlobalSection
EndGlobal
