
Microsoft Visual Studio Solution File, Format Version 12.00
# Visual Studio Version 16
VisualStudioVersion = 16.0.29215.179
MinimumVisualStudioVersion = 10.0.40219.1
Project("{8BC9CEB8-8B4A-11D0-8D11-00A0C91BC942}") = "kernel", "kernel\kernel.vcxproj", "{45EC4106-F381-4B1D-873F-56BA99946C58}"
EndProject
Project("{8BC9CEB8-8B4A-11D0-8D11-00A0C91BC942}") = "test", "test\test.vcxproj", "{181D531F-3EF7-4ECA-ABA1-FBEA79DFE8D2}"
EndProject
Global
	GlobalSection(SolutionConfigurationPlatforms) = preSolution
		Debug|ARM = Debug|ARM
		Debug|ARM64 = Debug|ARM64
		Debug|x64 = Debug|x64
		Debug|x86 = Debug|x86
		Release|ARM = Release|ARM
		Release|ARM64 = Release|ARM64
		Release|x64 = Release|x64
		Release|x86 = Release|x86
	EndGlobalSection
	GlobalSection(ProjectConfigurationPlatforms) = postSolution
		{45EC4106-F381-4B1D-873F-56BA99946C58}.Debug|ARM.ActiveCfg = Debug|ARM
		{45EC4106-F381-4B1D-873F-56BA99946C58}.Debug|ARM.Build.0 = Debug|ARM
		{45EC4106-F381-4B1D-873F-56BA99946C58}.Debug|ARM.Deploy.0 = Debug|ARM
		{45EC4106-F381-4B1D-873F-56BA99946C58}.Debug|ARM64.ActiveCfg = Debug|ARM64
		{45EC4106-F381-4B1D-873F-56BA99946C58}.Debug|ARM64.Build.0 = Debug|ARM64
		{45EC4106-F381-4B1D-873F-56BA99946C58}.Debug|ARM64.Deploy.0 = Debug|ARM64
		{45EC4106-F381-4B1D-873F-56BA99946C58}.Debug|x64.ActiveCfg = Debug|x64
		{45EC4106-F381-4B1D-873F-56BA99946C58}.Debug|x64.Build.0 = Debug|x64
		{45EC4106-F381-4B1D-873F-56BA99946C58}.Debug|x64.Deploy.0 = Debug|x64
		{45EC4106-F381-4B1D-873F-56BA99946C58}.Debug|x86.ActiveCfg = Debug|x86
		{45EC4106-F381-4B1D-873F-56BA99946C58}.Debug|x86.Build.0 = Debug|x86
		{45EC4106-F381-4B1D-873F-56BA99946C58}.Debug|x86.Deploy.0 = Debug|x86
		{45EC4106-F381-4B1D-873F-56BA99946C58}.Release|ARM.ActiveCfg = Release|ARM
		{45EC4106-F381-4B1D-873F-56BA99946C58}.Release|ARM.Build.0 = Release|ARM
		{45EC4106-F381-4B1D-873F-56BA99946C58}.Release|ARM.Deploy.0 = Release|ARM
		{45EC4106-F381-4B1D-873F-56BA99946C58}.Release|ARM64.ActiveCfg = Release|ARM64
		{45EC4106-F381-4B1D-873F-56BA99946C58}.Release|ARM64.Build.0 = Release|ARM64
		{45EC4106-F381-4B1D-873F-56BA99946C58}.Release|ARM64.Deploy.0 = Release|ARM64
		{45EC4106-F381-4B1D-873F-56BA99946C58}.Release|x64.ActiveCfg = Release|x64
		{45EC4106-F381-4B1D-873F-56BA99946C58}.Release|x64.Build.0 = Release|x64
		{45EC4106-F381-4B1D-873F-56BA99946C58}.Release|x64.Deploy.0 = Release|x64
		{45EC4106-F381-4B1D-873F-56BA99946C58}.Release|x86.ActiveCfg = Release|x86
		{45EC4106-F381-4B1D-873F-56BA99946C58}.Release|x86.Build.0 = Release|x86
		{45EC4106-F381-4B1D-873F-56BA99946C58}.Release|x86.Deploy.0 = Release|x86
		{181D531F-3EF7-4ECA-ABA1-FBEA79DFE8D2}.Debug|ARM.ActiveCfg = Debug|ARM
		{181D531F-3EF7-4ECA-ABA1-FBEA79DFE8D2}.Debug|ARM.Build.0 = Debug|ARM
		{181D531F-3EF7-4ECA-ABA1-FBEA79DFE8D2}.Debug|ARM.Deploy.0 = Debug|ARM
		{181D531F-3EF7-4ECA-ABA1-FBEA79DFE8D2}.Debug|ARM64.ActiveCfg = Debug|ARM64
		{181D531F-3EF7-4ECA-ABA1-FBEA79DFE8D2}.Debug|ARM64.Build.0 = Debug|ARM64
		{181D531F-3EF7-4ECA-ABA1-FBEA79DFE8D2}.Debug|ARM64.Deploy.0 = Debug|ARM64
		{181D531F-3EF7-4ECA-ABA1-FBEA79DFE8D2}.Debug|x64.ActiveCfg = Debug|x64
		{181D531F-3EF7-4ECA-ABA1-FBEA79DFE8D2}.Debug|x64.Build.0 = Debug|x64
		{181D531F-3EF7-4ECA-ABA1-FBEA79DFE8D2}.Debug|x64.Deploy.0 = Debug|x64
		{181D531F-3EF7-4ECA-ABA1-FBEA79DFE8D2}.Debug|x86.ActiveCfg = Debug|x86
		{181D531F-3EF7-4ECA-ABA1-FBEA79DFE8D2}.Debug|x86.Build.0 = Debug|x86
		{181D531F-3EF7-4ECA-ABA1-FBEA79DFE8D2}.Debug|x86.Deploy.0 = Debug|x86
		{181D531F-3EF7-4ECA-ABA1-FBEA79DFE8D2}.Release|ARM.ActiveCfg = Release|ARM
		{181D531F-3EF7-4ECA-ABA1-FBEA79DFE8D2}.Release|ARM.Build.0 = Release|ARM
		{181D531F-3EF7-4ECA-ABA1-FBEA79DFE8D2}.Release|ARM.Deploy.0 = Release|ARM
		{181D531F-3EF7-4ECA-ABA1-FBEA79DFE8D2}.Release|ARM64.ActiveCfg = Release|ARM64
		{181D531F-3EF7-4ECA-ABA1-FBEA79DFE8D2}.Release|ARM64.Build.0 = Release|ARM64
		{181D531F-3EF7-4ECA-ABA1-FBEA79DFE8D2}.Release|ARM64.Deploy.0 = Release|ARM64
		{181D531F-3EF7-4ECA-ABA1-FBEA79DFE8D2}.Release|x64.ActiveCfg = Release|x64
		{181D531F-3EF7-4ECA-ABA1-FBEA79DFE8D2}.Release|x64.Build.0 = Release|x64
		{181D531F-3EF7-4ECA-ABA1-FBEA79DFE8D2}.Release|x64.Deploy.0 = Release|x64
		{181D531F-3EF7-4ECA-ABA1-FBEA79DFE8D2}.Release|x86.ActiveCfg = Release|x86
		{181D531F-3EF7-4ECA-ABA1-FBEA79DFE8D2}.Release|x86.Build.0 = Release|x86
		{181D531F-3EF7-4ECA-ABA1-FBEA79DFE8D2}.Release|x86.Deploy.0 = Release|x86
	EndGlobalSection
	GlobalSection(SolutionProperties) = preSolution
		HideSolutionNode = FALSE
	EndGlobalSection
	GlobalSection(ExtensibilityGlobals) = postSolution
		SolutionGuid = {B41B6779-CEC3-435E-A3E5-D35199B34E9D}
	EndGlobalSection
EndGlobal
