
Microsoft Visual Studio Solution File, Format Version 12.00
# Visual Studio Version 16
VisualStudioVersion = 16.0.29215.179
MinimumVisualStudioVersion = 10.0.40219.1
Project("{8BC9CEB8-8B4A-11D0-8D11-00A0C91BC942}") = "test", "test\test.vcxproj", "{181D531F-3EF7-4ECA-ABA1-FBEA79DFE8D2}"
	ProjectSection(ProjectDependencies) = postProject
		{E8896E74-DF5C-4AE3-89F6-72FD57A595D9} = {E8896E74-DF5C-4AE3-89F6-72FD57A595D9}
		{C1B0FFE3-5A13-48B0-9BC1-F80139D35B1C} = {C1B0FFE3-5A13-48B0-9BC1-F80139D35B1C}
	EndProjectSection
EndProject
Project("{8BC9CEB8-8B4A-11D0-8D11-00A0C91BC942}") = "Kernel", "Kernel\Kernel.vcxproj", "{E8896E74-DF5C-4AE3-89F6-72FD57A595D9}"
EndProject
Project("{8BC9CEB8-8B4A-11D0-8D11-00A0C91BC942}") = "Common", "Common\Common.vcxproj", "{C1B0FFE3-5A13-48B0-9BC1-F80139D35B1C}"
	ProjectSection(ProjectDependencies) = postProject
		{E8896E74-DF5C-4AE3-89F6-72FD57A595D9} = {E8896E74-DF5C-4AE3-89F6-72FD57A595D9}
	EndProjectSection
EndProject
Project("{8BC9CEB8-8B4A-11D0-8D11-00A0C91BC942}") = "GameManage", "GameManage\GameManage.vcxproj", "{9903BD27-B322-4B9A-99D2-760A8659DDB0}"
	ProjectSection(ProjectDependencies) = postProject
		{E8896E74-DF5C-4AE3-89F6-72FD57A595D9} = {E8896E74-DF5C-4AE3-89F6-72FD57A595D9}
		{C1B0FFE3-5A13-48B0-9BC1-F80139D35B1C} = {C1B0FFE3-5A13-48B0-9BC1-F80139D35B1C}
	EndProjectSection
EndProject
Project("{8BC9CEB8-8B4A-11D0-8D11-00A0C91BC942}") = "LoaderServer", "LoaderServer\LoaderServer.vcxproj", "{2491EF39-15C8-4342-A0DF-4E4DF595E8C7}"
EndProject
Global
	GlobalSection(SolutionConfigurationPlatforms) = preSolution
		Debug|ARM = Debug|ARM
		Debug|ARM64 = Debug|ARM64
		Debug|x64 = Debug|x64
		Debug|x86 = Debug|x86
		Release|ARM = Release|ARM
		Release|ARM64 = Release|ARM64
		Release|x64 = Release|x64
		Release|x86 = Release|x86
	EndGlobalSection
	GlobalSection(ProjectConfigurationPlatforms) = postSolution
		{181D531F-3EF7-4ECA-ABA1-FBEA79DFE8D2}.Debug|ARM.ActiveCfg = Debug|ARM
		{181D531F-3EF7-4ECA-ABA1-FBEA79DFE8D2}.Debug|ARM.Build.0 = Debug|ARM
		{181D531F-3EF7-4ECA-ABA1-FBEA79DFE8D2}.Debug|ARM.Deploy.0 = Debug|ARM
		{181D531F-3EF7-4ECA-ABA1-FBEA79DFE8D2}.Debug|ARM64.ActiveCfg = Debug|ARM64
		{181D531F-3EF7-4ECA-ABA1-FBEA79DFE8D2}.Debug|ARM64.Build.0 = Debug|ARM64
		{181D531F-3EF7-4ECA-ABA1-FBEA79DFE8D2}.Debug|ARM64.Deploy.0 = Debug|ARM64
		{181D531F-3EF7-4ECA-ABA1-FBEA79DFE8D2}.Debug|x64.ActiveCfg = Debug|x64
		{181D531F-3EF7-4ECA-ABA1-FBEA79DFE8D2}.Debug|x64.Build.0 = Debug|x64
		{181D531F-3EF7-4ECA-ABA1-FBEA79DFE8D2}.Debug|x64.Deploy.0 = Debug|x64
		{181D531F-3EF7-4ECA-ABA1-FBEA79DFE8D2}.Debug|x86.ActiveCfg = Debug|x86
		{181D531F-3EF7-4ECA-ABA1-FBEA79DFE8D2}.Debug|x86.Build.0 = Debug|x86
		{181D531F-3EF7-4ECA-ABA1-FBEA79DFE8D2}.Debug|x86.Deploy.0 = Debug|x86
		{181D531F-3EF7-4ECA-ABA1-FBEA79DFE8D2}.Release|ARM.ActiveCfg = Release|ARM
		{181D531F-3EF7-4ECA-ABA1-FBEA79DFE8D2}.Release|ARM.Build.0 = Release|ARM
		{181D531F-3EF7-4ECA-ABA1-FBEA79DFE8D2}.Release|ARM.Deploy.0 = Release|ARM
		{181D531F-3EF7-4ECA-ABA1-FBEA79DFE8D2}.Release|ARM64.ActiveCfg = Release|ARM64
		{181D531F-3EF7-4ECA-ABA1-FBEA79DFE8D2}.Release|ARM64.Build.0 = Release|ARM64
		{181D531F-3EF7-4ECA-ABA1-FBEA79DFE8D2}.Release|ARM64.Deploy.0 = Release|ARM64
		{181D531F-3EF7-4ECA-ABA1-FBEA79DFE8D2}.Release|x64.ActiveCfg = Release|x64
		{181D531F-3EF7-4ECA-ABA1-FBEA79DFE8D2}.Release|x64.Build.0 = Release|x64
		{181D531F-3EF7-4ECA-ABA1-FBEA79DFE8D2}.Release|x64.Deploy.0 = Release|x64
		{181D531F-3EF7-4ECA-ABA1-FBEA79DFE8D2}.Release|x86.ActiveCfg = Release|x86
		{181D531F-3EF7-4ECA-ABA1-FBEA79DFE8D2}.Release|x86.Build.0 = Release|x86
		{181D531F-3EF7-4ECA-ABA1-FBEA79DFE8D2}.Release|x86.Deploy.0 = Release|x86
		{E8896E74-DF5C-4AE3-89F6-72FD57A595D9}.Debug|ARM.ActiveCfg = Debug|ARM
		{E8896E74-DF5C-4AE3-89F6-72FD57A595D9}.Debug|ARM.Build.0 = Debug|ARM
		{E8896E74-DF5C-4AE3-89F6-72FD57A595D9}.Debug|ARM.Deploy.0 = Debug|ARM
		{E8896E74-DF5C-4AE3-89F6-72FD57A595D9}.Debug|ARM64.ActiveCfg = Debug|ARM64
		{E8896E74-DF5C-4AE3-89F6-72FD57A595D9}.Debug|ARM64.Build.0 = Debug|ARM64
		{E8896E74-DF5C-4AE3-89F6-72FD57A595D9}.Debug|ARM64.Deploy.0 = Debug|ARM64
		{E8896E74-DF5C-4AE3-89F6-72FD57A595D9}.Debug|x64.ActiveCfg = Debug|x64
		{E8896E74-DF5C-4AE3-89F6-72FD57A595D9}.Debug|x64.Build.0 = Debug|x64
		{E8896E74-DF5C-4AE3-89F6-72FD57A595D9}.Debug|x64.Deploy.0 = Debug|x64
		{E8896E74-DF5C-4AE3-89F6-72FD57A595D9}.Debug|x86.ActiveCfg = Debug|x86
		{E8896E74-DF5C-4AE3-89F6-72FD57A595D9}.Debug|x86.Build.0 = Debug|x86
		{E8896E74-DF5C-4AE3-89F6-72FD57A595D9}.Debug|x86.Deploy.0 = Debug|x86
		{E8896E74-DF5C-4AE3-89F6-72FD57A595D9}.Release|ARM.ActiveCfg = Release|ARM
		{E8896E74-DF5C-4AE3-89F6-72FD57A595D9}.Release|ARM.Build.0 = Release|ARM
		{E8896E74-DF5C-4AE3-89F6-72FD57A595D9}.Release|ARM.Deploy.0 = Release|ARM
		{E8896E74-DF5C-4AE3-89F6-72FD57A595D9}.Release|ARM64.ActiveCfg = Release|ARM64
		{E8896E74-DF5C-4AE3-89F6-72FD57A595D9}.Release|ARM64.Build.0 = Release|ARM64
		{E8896E74-DF5C-4AE3-89F6-72FD57A595D9}.Release|ARM64.Deploy.0 = Release|ARM64
		{E8896E74-DF5C-4AE3-89F6-72FD57A595D9}.Release|x64.ActiveCfg = Release|x64
		{E8896E74-DF5C-4AE3-89F6-72FD57A595D9}.Release|x64.Build.0 = Release|x64
		{E8896E74-DF5C-4AE3-89F6-72FD57A595D9}.Release|x64.Deploy.0 = Release|x64
		{E8896E74-DF5C-4AE3-89F6-72FD57A595D9}.Release|x86.ActiveCfg = Release|x86
		{E8896E74-DF5C-4AE3-89F6-72FD57A595D9}.Release|x86.Build.0 = Release|x86
		{E8896E74-DF5C-4AE3-89F6-72FD57A595D9}.Release|x86.Deploy.0 = Release|x86
		{C1B0FFE3-5A13-48B0-9BC1-F80139D35B1C}.Debug|ARM.ActiveCfg = Debug|ARM
		{C1B0FFE3-5A13-48B0-9BC1-F80139D35B1C}.Debug|ARM.Build.0 = Debug|ARM
		{C1B0FFE3-5A13-48B0-9BC1-F80139D35B1C}.Debug|ARM.Deploy.0 = Debug|ARM
		{C1B0FFE3-5A13-48B0-9BC1-F80139D35B1C}.Debug|ARM64.ActiveCfg = Debug|ARM64
		{C1B0FFE3-5A13-48B0-9BC1-F80139D35B1C}.Debug|ARM64.Build.0 = Debug|ARM64
		{C1B0FFE3-5A13-48B0-9BC1-F80139D35B1C}.Debug|ARM64.Deploy.0 = Debug|ARM64
		{C1B0FFE3-5A13-48B0-9BC1-F80139D35B1C}.Debug|x64.ActiveCfg = Debug|x64
		{C1B0FFE3-5A13-48B0-9BC1-F80139D35B1C}.Debug|x64.Build.0 = Debug|x64
		{C1B0FFE3-5A13-48B0-9BC1-F80139D35B1C}.Debug|x64.Deploy.0 = Debug|x64
		{C1B0FFE3-5A13-48B0-9BC1-F80139D35B1C}.Debug|x86.ActiveCfg = Debug|x86
		{C1B0FFE3-5A13-48B0-9BC1-F80139D35B1C}.Debug|x86.Build.0 = Debug|x86
		{C1B0FFE3-5A13-48B0-9BC1-F80139D35B1C}.Debug|x86.Deploy.0 = Debug|x86
		{C1B0FFE3-5A13-48B0-9BC1-F80139D35B1C}.Release|ARM.ActiveCfg = Release|ARM
		{C1B0FFE3-5A13-48B0-9BC1-F80139D35B1C}.Release|ARM.Build.0 = Release|ARM
		{C1B0FFE3-5A13-48B0-9BC1-F80139D35B1C}.Release|ARM.Deploy.0 = Release|ARM
		{C1B0FFE3-5A13-48B0-9BC1-F80139D35B1C}.Release|ARM64.ActiveCfg = Release|ARM64
		{C1B0FFE3-5A13-48B0-9BC1-F80139D35B1C}.Release|ARM64.Build.0 = Release|ARM64
		{C1B0FFE3-5A13-48B0-9BC1-F80139D35B1C}.Release|ARM64.Deploy.0 = Release|ARM64
		{C1B0FFE3-5A13-48B0-9BC1-F80139D35B1C}.Release|x64.ActiveCfg = Release|x64
		{C1B0FFE3-5A13-48B0-9BC1-F80139D35B1C}.Release|x64.Build.0 = Release|x64
		{C1B0FFE3-5A13-48B0-9BC1-F80139D35B1C}.Release|x64.Deploy.0 = Release|x64
		{C1B0FFE3-5A13-48B0-9BC1-F80139D35B1C}.Release|x86.ActiveCfg = Release|x86
		{C1B0FFE3-5A13-48B0-9BC1-F80139D35B1C}.Release|x86.Build.0 = Release|x86
		{C1B0FFE3-5A13-48B0-9BC1-F80139D35B1C}.Release|x86.Deploy.0 = Release|x86
		{9903BD27-B322-4B9A-99D2-760A8659DDB0}.Debug|ARM.ActiveCfg = Debug|ARM
		{9903BD27-B322-4B9A-99D2-760A8659DDB0}.Debug|ARM.Build.0 = Debug|ARM
		{9903BD27-B322-4B9A-99D2-760A8659DDB0}.Debug|ARM.Deploy.0 = Debug|ARM
		{9903BD27-B322-4B9A-99D2-760A8659DDB0}.Debug|ARM64.ActiveCfg = Debug|ARM64
		{9903BD27-B322-4B9A-99D2-760A8659DDB0}.Debug|ARM64.Build.0 = Debug|ARM64
		{9903BD27-B322-4B9A-99D2-760A8659DDB0}.Debug|ARM64.Deploy.0 = Debug|ARM64
		{9903BD27-B322-4B9A-99D2-760A8659DDB0}.Debug|x64.ActiveCfg = Debug|x64
		{9903BD27-B322-4B9A-99D2-760A8659DDB0}.Debug|x64.Build.0 = Debug|x64
		{9903BD27-B322-4B9A-99D2-760A8659DDB0}.Debug|x64.Deploy.0 = Debug|x64
		{9903BD27-B322-4B9A-99D2-760A8659DDB0}.Debug|x86.ActiveCfg = Debug|x86
		{9903BD27-B322-4B9A-99D2-760A8659DDB0}.Debug|x86.Build.0 = Debug|x86
		{9903BD27-B322-4B9A-99D2-760A8659DDB0}.Debug|x86.Deploy.0 = Debug|x86
		{9903BD27-B322-4B9A-99D2-760A8659DDB0}.Release|ARM.ActiveCfg = Release|ARM
		{9903BD27-B322-4B9A-99D2-760A8659DDB0}.Release|ARM.Build.0 = Release|ARM
		{9903BD27-B322-4B9A-99D2-760A8659DDB0}.Release|ARM.Deploy.0 = Release|ARM
		{9903BD27-B322-4B9A-99D2-760A8659DDB0}.Release|ARM64.ActiveCfg = Release|ARM64
		{9903BD27-B322-4B9A-99D2-760A8659DDB0}.Release|ARM64.Build.0 = Release|ARM64
		{9903BD27-B322-4B9A-99D2-760A8659DDB0}.Release|ARM64.Deploy.0 = Release|ARM64
		{9903BD27-B322-4B9A-99D2-760A8659DDB0}.Release|x64.ActiveCfg = Release|x64
		{9903BD27-B322-4B9A-99D2-760A8659DDB0}.Release|x64.Build.0 = Release|x64
		{9903BD27-B322-4B9A-99D2-760A8659DDB0}.Release|x64.Deploy.0 = Release|x64
		{9903BD27-B322-4B9A-99D2-760A8659DDB0}.Release|x86.ActiveCfg = Release|x86
		{9903BD27-B322-4B9A-99D2-760A8659DDB0}.Release|x86.Build.0 = Release|x86
		{9903BD27-B322-4B9A-99D2-760A8659DDB0}.Release|x86.Deploy.0 = Release|x86
		{2491EF39-15C8-4342-A0DF-4E4DF595E8C7}.Debug|ARM.ActiveCfg = Debug|ARM
		{2491EF39-15C8-4342-A0DF-4E4DF595E8C7}.Debug|ARM.Build.0 = Debug|ARM
		{2491EF39-15C8-4342-A0DF-4E4DF595E8C7}.Debug|ARM.Deploy.0 = Debug|ARM
		{2491EF39-15C8-4342-A0DF-4E4DF595E8C7}.Debug|ARM64.ActiveCfg = Debug|ARM64
		{2491EF39-15C8-4342-A0DF-4E4DF595E8C7}.Debug|ARM64.Build.0 = Debug|ARM64
		{2491EF39-15C8-4342-A0DF-4E4DF595E8C7}.Debug|ARM64.Deploy.0 = Debug|ARM64
		{2491EF39-15C8-4342-A0DF-4E4DF595E8C7}.Debug|x64.ActiveCfg = Debug|x64
		{2491EF39-15C8-4342-A0DF-4E4DF595E8C7}.Debug|x64.Build.0 = Debug|x64
		{2491EF39-15C8-4342-A0DF-4E4DF595E8C7}.Debug|x64.Deploy.0 = Debug|x64
		{2491EF39-15C8-4342-A0DF-4E4DF595E8C7}.Debug|x86.ActiveCfg = Debug|x86
		{2491EF39-15C8-4342-A0DF-4E4DF595E8C7}.Debug|x86.Build.0 = Debug|x86
		{2491EF39-15C8-4342-A0DF-4E4DF595E8C7}.Debug|x86.Deploy.0 = Debug|x86
		{2491EF39-15C8-4342-A0DF-4E4DF595E8C7}.Release|ARM.ActiveCfg = Release|ARM
		{2491EF39-15C8-4342-A0DF-4E4DF595E8C7}.Release|ARM.Build.0 = Release|ARM
		{2491EF39-15C8-4342-A0DF-4E4DF595E8C7}.Release|ARM.Deploy.0 = Release|ARM
		{2491EF39-15C8-4342-A0DF-4E4DF595E8C7}.Release|ARM64.ActiveCfg = Release|ARM64
		{2491EF39-15C8-4342-A0DF-4E4DF595E8C7}.Release|ARM64.Build.0 = Release|ARM64
		{2491EF39-15C8-4342-A0DF-4E4DF595E8C7}.Release|ARM64.Deploy.0 = Release|ARM64
		{2491EF39-15C8-4342-A0DF-4E4DF595E8C7}.Release|x64.ActiveCfg = Release|x64
		{2491EF39-15C8-4342-A0DF-4E4DF595E8C7}.Release|x64.Build.0 = Release|x64
		{2491EF39-15C8-4342-A0DF-4E4DF595E8C7}.Release|x64.Deploy.0 = Release|x64
		{2491EF39-15C8-4342-A0DF-4E4DF595E8C7}.Release|x86.ActiveCfg = Release|x86
		{2491EF39-15C8-4342-A0DF-4E4DF595E8C7}.Release|x86.Build.0 = Release|x86
		{2491EF39-15C8-4342-A0DF-4E4DF595E8C7}.Release|x86.Deploy.0 = Release|x86
	EndGlobalSection
	GlobalSection(SolutionProperties) = preSolution
		HideSolutionNode = FALSE
	EndGlobalSection
	GlobalSection(ExtensibilityGlobals) = postSolution
		SolutionGuid = {B41B6779-CEC3-435E-A3E5-D35199B34E9D}
	EndGlobalSection
EndGlobal
