<?xml version="1.0" encoding="utf-8"?>
<Project ToolsVersion="4.0" xmlns="http://schemas.microsoft.com/developer/msbuild/2003">
  <ItemGroup>
    <Filter Include="公共定义">
      <UniqueIdentifier>{23fb8dde-e032-4792-bec7-858c2c21ad22}</UniqueIdentifier>
    </Filter>
    <Filter Include="线程锁">
      <UniqueIdentifier>{89cda9bd-d3a7-4d7e-b5b4-26479635b19a}</UniqueIdentifier>
    </Filter>
  </ItemGroup>
  <ItemGroup>
    <ClInclude Include="..\src\CommonHead.h">
      <Filter>公共定义</Filter>
    </ClInclude>
    <ClInclude Include="..\src\Lock.h">
      <Filter>线程锁</Filter>
    </ClInclude>
  </ItemGroup>
  <ItemGroup>
    <ClCompile Include="..\src\Lock.cpp">
      <Filter>线程锁</Filter>
    </ClCompile>
  </ItemGroup>
</Project>