<?xml version="1.0" encoding="utf-8"?>
<Project ToolsVersion="4.0" xmlns="http://schemas.microsoft.com/developer/msbuild/2003">
  <ItemGroup>
    <Filter Include="公共定义">
      <UniqueIdentifier>{d131a880-b1e4-412c-a527-326c19ef00f3}</UniqueIdentifier>
    </Filter>
    <Filter Include="消息队列">
      <UniqueIdentifier>{ca5daa82-77eb-4881-bb31-854d251f443a}</UniqueIdentifier>
    </Filter>
    <Filter Include="数据库模块">
      <UniqueIdentifier>{02524b96-defb-42ff-b7c1-c6399c8aca79}</UniqueIdentifier>
    </Filter>
    <Filter Include="异常处理">
      <UniqueIdentifier>{6922e629-bed9-4584-be21-d2bd776a4ef7}</UniqueIdentifier>
    </Filter>
    <Filter Include="工具和接口">
      <UniqueIdentifier>{8be84f89-d0dd-4af3-8b73-ed3a19e534d8}</UniqueIdentifier>
    </Filter>
    <Filter Include="系统配置">
      <UniqueIdentifier>{74595cc4-1a19-4464-bc70-c403bf6f3151}</UniqueIdentifier>
    </Filter>
    <Filter Include="日志与性能检测">
      <UniqueIdentifier>{cbfbbfcc-510b-4407-ba75-fe13aebfd76e}</UniqueIdentifier>
    </Filter>
    <Filter Include="网络模块">
      <UniqueIdentifier>{a52a0dc5-87c6-40e9-928c-d64e9ba7c303}</UniqueIdentifier>
    </Filter>
    <Filter Include="数据加密">
      <UniqueIdentifier>{d8f1514c-1725-4c20-99fd-c2fd8e3d782e}</UniqueIdentifier>
    </Filter>
    <Filter Include="定时器">
      <UniqueIdentifier>{61be5d14-46de-4bb2-8623-37457f3a0e5e}</UniqueIdentifier>
    </Filter>
    <Filter Include="线程锁和条件变量">
      <UniqueIdentifier>{82a5bb52-2846-4b6f-b921-9803fbb1eeb5}</UniqueIdentifier>
    </Filter>
    <Filter Include="HttpServer">
      <UniqueIdentifier>{b3b3000b-e3af-47d4-8002-8df99c608c59}</UniqueIdentifier>
    </Filter>
  </ItemGroup>
  <ItemGroup>
    <ClInclude Include="..\src\SDK\include\ServerCommon\CommonHead.h">
      <Filter>公共定义</Filter>
    </ClInclude>
    <ClInclude Include="..\src\SDK\include\ServerCommon\Lock.h">
      <Filter>线程锁和条件变量</Filter>
    </ClInclude>
    <ClInclude Include="..\src\SDK\include\ServerCommon\MysqlHelper.h">
      <Filter>数据库模块</Filter>
    </ClInclude>
    <ClInclude Include="..\src\SDK\include\ServerCommon\Exception.h">
      <Filter>异常处理</Filter>
    </ClInclude>
    <ClInclude Include="..\src\SDK\include\ServerCommon\KernelDefine.h">
      <Filter>公共定义</Filter>
    </ClInclude>
    <ClInclude Include="..\src\SDK\include\ServerCommon\Function.h">
      <Filter>工具和接口</Filter>
    </ClInclude>
    <ClInclude Include="..\src\SDK\include\ServerCommon\Interface.h">
      <Filter>工具和接口</Filter>
    </ClInclude>
    <ClInclude Include="..\src\SDK\include\ServerCommon\basemessage.h">
      <Filter>公共定义</Filter>
    </ClInclude>
    <ClInclude Include="..\src\SDK\include\ServerCommon\comstruct.h">
      <Filter>公共定义</Filter>
    </ClInclude>
    <ClInclude Include="..\src\SDK\include\ServerCommon\InternalMessageDefine.h">
      <Filter>公共定义</Filter>
    </ClInclude>
    <ClInclude Include="..\src\SDK\include\ServerCommon\INIFile.h">
      <Filter>工具和接口</Filter>
    </ClInclude>
    <ClInclude Include="..\src\SDK\include\ServerCommon\GameLogManage.h">
      <Filter>日志与性能检测</Filter>
    </ClInclude>
    <ClInclude Include="..\src\SDK\include\ServerCommon\log.h">
      <Filter>日志与性能检测</Filter>
    </ClInclude>
    <ClInclude Include="..\src\SDK\include\ServerCommon\configManage.h">
      <Filter>系统配置</Filter>
    </ClInclude>
    <ClInclude Include="..\src\SDK\include\ServerCommon\DataLine.h">
      <Filter>消息队列</Filter>
    </ClInclude>
    <ClInclude Include="..\src\SDK\include\ServerCommon\DataBase.h">
      <Filter>数据库模块</Filter>
    </ClInclude>
    <ClInclude Include="..\src\SDK\include\ServerCommon\TcpConnect.h">
      <Filter>网络模块</Filter>
    </ClInclude>
    <ClInclude Include="..\src\SDK\include\ServerCommon\GServerConnect.h">
      <Filter>网络模块</Filter>
    </ClInclude>
    <ClInclude Include="..\src\SDK\include\ServerCommon\Xor.h">
      <Filter>数据加密</Filter>
    </ClInclude>
    <ClInclude Include="..\src\SDK\include\ServerCommon\ServerTimer.h">
      <Filter>定时器</Filter>
    </ClInclude>
    <ClInclude Include="..\src\SDK\include\ServerCommon\TCPSocket.h">
      <Filter>网络模块</Filter>
    </ClInclude>
    <ClInclude Include="..\src\SDK\include\ServerCommon\HttpServer.h">
      <Filter>HttpServer</Filter>
    </ClInclude>
    <ClInclude Include="..\src\SDK\include\ServerCommon\WebSocket.h">
      <Filter>网络模块</Filter>
    </ClInclude>
  </ItemGroup>
  <ItemGroup>
    <ClCompile Include="..\src\Kernel\Lock.cpp">
      <Filter>线程锁和条件变量</Filter>
    </ClCompile>
    <ClCompile Include="..\src\Kernel\MysqlHelper.cpp">
      <Filter>数据库模块</Filter>
    </ClCompile>
    <ClCompile Include="..\src\Kernel\Exception.cpp">
      <Filter>异常处理</Filter>
    </ClCompile>
    <ClCompile Include="..\src\Kernel\INIFile.cpp">
      <Filter>工具和接口</Filter>
    </ClCompile>
    <ClCompile Include="..\src\Kernel\GameLogManage.cpp">
      <Filter>日志与性能检测</Filter>
    </ClCompile>
    <ClCompile Include="..\src\Kernel\log.cpp">
      <Filter>日志与性能检测</Filter>
    </ClCompile>
    <ClCompile Include="..\src\Kernel\Function.cpp">
      <Filter>工具和接口</Filter>
    </ClCompile>
    <ClCompile Include="..\src\Kernel\configManage.cpp">
      <Filter>系统配置</Filter>
    </ClCompile>
    <ClCompile Include="..\src\Kernel\DataLine.cpp">
      <Filter>消息队列</Filter>
    </ClCompile>
    <ClCompile Include="..\src\Kernel\DataBase.cpp">
      <Filter>数据库模块</Filter>
    </ClCompile>
    <ClCompile Include="..\src\Kernel\TcpConnect.cpp">
      <Filter>网络模块</Filter>
    </ClCompile>
    <ClCompile Include="..\src\Kernel\GServerConnect.cpp">
      <Filter>网络模块</Filter>
    </ClCompile>
    <ClCompile Include="..\src\Kernel\Xor.cpp">
      <Filter>数据加密</Filter>
    </ClCompile>
    <ClCompile Include="..\src\Kernel\ServerTimer.cpp">
      <Filter>定时器</Filter>
    </ClCompile>
    <ClCompile Include="..\src\Kernel\TCPSocket.cpp">
      <Filter>网络模块</Filter>
    </ClCompile>
    <ClCompile Include="..\src\Kernel\HttpServer.cpp">
      <Filter>HttpServer</Filter>
    </ClCompile>
    <ClCompile Include="..\src\jemalloc\jemalloc_cpp.cpp">
      <Filter>工具和接口</Filter>
    </ClCompile>
    <ClCompile Include="..\src\Kernel\WebSocket.cpp">
      <Filter>网络模块</Filter>
    </ClCompile>
  </ItemGroup>
</Project>