<?xml version="1.0" encoding="utf-8"?>
<Project ToolsVersion="4.0" xmlns="http://schemas.microsoft.com/developer/msbuild/2003">
  <ItemGroup>
    <Filter Include="公共定义">
      <UniqueIdentifier>{d131a880-b1e4-412c-a527-326c19ef00f3}</UniqueIdentifier>
    </Filter>
    <Filter Include="线程锁">
      <UniqueIdentifier>{82a5bb52-2846-4b6f-b921-9803fbb1eeb5}</UniqueIdentifier>
    </Filter>
    <Filter Include="消息队列">
      <UniqueIdentifier>{ca5daa82-77eb-4881-bb31-854d251f443a}</UniqueIdentifier>
    </Filter>
    <Filter Include="数据库模块">
      <UniqueIdentifier>{02524b96-defb-42ff-b7c1-c6399c8aca79}</UniqueIdentifier>
    </Filter>
  </ItemGroup>
  <ItemGroup>
    <ClInclude Include="..\src\SDK\include\ServerCommon\CommonHead.h">
      <Filter>公共定义</Filter>
    </ClInclude>
    <ClInclude Include="..\src\SDK\include\ServerCommon\Lock.h">
      <Filter>线程锁</Filter>
    </ClInclude>
    <ClInclude Include="..\src\SDK\include\ServerCommon\MysqlHelper.h">
      <Filter>数据库模块</Filter>
    </ClInclude>
  </ItemGroup>
  <ItemGroup>
    <ClCompile Include="..\src\Kernel\Lock.cpp">
      <Filter>线程锁</Filter>
    </ClCompile>
    <ClCompile Include="..\src\Kernel\MysqlHelper.cpp">
      <Filter>数据库模块</Filter>
    </ClCompile>
  </ItemGroup>
</Project>